{
  "name": "xtrack",
  "version": "1.0.0",
  "lockfileVersion": 3,
  "requires": true,
  "packages": {
    "": {
      "name": "xtrack",
      "version": "1.0.0",
      "license": "ISC",
      "dependencies": {
        "slocjs": "^1.1.1"
      }
    },
    "node_modules/slocjs": {
      "version": "1.1.1",
      "resolved": "https://registry.npmjs.org/slocjs/-/slocjs-1.1.1.tgz",
      "integrity": "sha512-pxUSZ6S8GQQnoFLBe5HnFMgWfmUGEmcTnXADIbmgoW4kQD0R42/vrPkzL97aQQriNTND5kDMGE9QJTt+eHcw5A=="
    }
  }
}
