{
  "name": "xtrack",
  "version": "1.0.0",
  "lockfileVersion": 3,
  "requires": true,
  "packages": {
    "": {
      "name": "xtrack",
      "version": "1.0.0",
      "license": "ISC",
      "dependencies": {
        "slocjs": "^1.1.2"
      }
    },
    "node_modules/slocjs": {
      "version": "1.1.2",
      "resolved": "https://registry.npmjs.org/slocjs/-/slocjs-1.1.2.tgz",
      "integrity": "sha512-4a16OnnKkMjcEmq4DBYjRIQrP4DuAL4seDEkke26nFwr0g6GDaQXJeLvRpVMEGf7q75tWQOeTRKmyHdlL+KlGQ=="
    }
  }
}
